
Microsoft Visual Studio Solution File, Format Version 12.00
# Visual Studio Version 17
VisualStudioVersion = 17.0.32112.339
MinimumVisualStudioVersion = 10.0.40219.1
Project("{FAE04EC0-301F-11D3-BF4B-00C04F79EFBC}") = "RM", "RM\RM.csproj", "{B8864036-EBC7-48FA-93AF-9E71B5EDED51}"
EndProject
Global
	GlobalSection(SolutionConfigurationPlatforms) = preSolution
		Debug|Any CPU = Debug|Any CPU
		Release|Any CPU = Release|Any CPU
	EndGlobalSection
	GlobalSection(ProjectConfigurationPlatforms) = postSolution
		{B8864036-EBC7-48FA-93AF-9E71B5EDED51}.Debug|Any CPU.ActiveCfg = Debug|Any CPU
		{B8864036-EBC7-48FA-93AF-9E71B5EDED51}.Debug|Any CPU.Build.0 = Debug|Any CPU
		{B8864036-EBC7-48FA-93AF-9E71B5EDED51}.Release|Any CPU.ActiveCfg = Release|Any CPU
		{B8864036-EBC7-48FA-93AF-9E71B5EDED51}.Release|Any CPU.Build.0 = Release|Any CPU
	EndGlobalSection
	GlobalSection(SolutionProperties) = preSolution
		HideSolutionNode = FALSE
	EndGlobalSection
	GlobalSection(ExtensibilityGlobals) = postSolution
		SolutionGuid = {0501B441-5B58-49CD-B0FA-345CF41742D7}
	EndGlobalSection
EndGlobal
